
Microsoft Visual Studio Solution File, Format Version 12.00
# Visual Studio Version 17
VisualStudioVersion = 17.13.35931.197
MinimumVisualStudioVersion = 10.0.40219.1
Project("{FAE04EC0-301F-11D3-BF4B-00C04F79EFBC}") = "Uprcom1", "Uprcom1\Uprcom1.csproj", "{504B1D1C-61D7-4ECA-A629-5A056060757D}"
EndProject
Global
	GlobalSection(SolutionConfigurationPlatforms) = preSolution
		Debug|Any CPU = Debug|Any CPU
		Debug|x64 = Debug|x64
		Debug|x86 = Debug|x86
		Release|Any CPU = Release|Any CPU
		Release|x64 = Release|x64
		Release|x86 = Release|x86
	EndGlobalSection
	GlobalSection(ProjectConfigurationPlatforms) = postSolution
		{504B1D1C-61D7-4ECA-A629-5A056060757D}.Debug|Any CPU.ActiveCfg = Debug|Any CPU
		{504B1D1C-61D7-4ECA-A629-5A056060757D}.Debug|Any CPU.Build.0 = Debug|Any CPU
		{504B1D1C-61D7-4ECA-A629-5A056060757D}.Debug|x64.ActiveCfg = Debug|Any CPU
		{504B1D1C-61D7-4ECA-A629-5A056060757D}.Debug|x64.Build.0 = Debug|Any CPU
		{504B1D1C-61D7-4ECA-A629-5A056060757D}.Debug|x86.ActiveCfg = Debug|Any CPU
		{504B1D1C-61D7-4ECA-A629-5A056060757D}.Debug|x86.Build.0 = Debug|Any CPU
		{504B1D1C-61D7-4ECA-A629-5A056060757D}.Release|Any CPU.ActiveCfg = Release|Any CPU
		{504B1D1C-61D7-4ECA-A629-5A056060757D}.Release|Any CPU.Build.0 = Release|Any CPU
		{504B1D1C-61D7-4ECA-A629-5A056060757D}.Release|x64.ActiveCfg = Release|Any CPU
		{504B1D1C-61D7-4ECA-A629-5A056060757D}.Release|x64.Build.0 = Release|Any CPU
		{504B1D1C-61D7-4ECA-A629-5A056060757D}.Release|x86.ActiveCfg = Release|Any CPU
		{504B1D1C-61D7-4ECA-A629-5A056060757D}.Release|x86.Build.0 = Release|Any CPU
	EndGlobalSection
	GlobalSection(SolutionProperties) = preSolution
		HideSolutionNode = FALSE
	EndGlobalSection
	GlobalSection(ExtensibilityGlobals) = postSolution
		SolutionGuid = {855987CF-EAE3-4F59-9EA4-F26278B8EA8C}
	EndGlobalSection
EndGlobal
